{
  "name": "worker",
  "version": "1.0.0",
  "lockfileVersion": 2,
  "requires": true,
  "packages": {
    "": {
      "name": "worker",
      "version": "1.0.0",
      "license": "MIT",
      "dependencies": {
        "jose": "^4.3.8"
      },
      "devDependencies": {
        "prettier": "^1.18.2"
      }
    },
    "node_modules/jose": {
      "version": "4.3.8",
      "resolved": "https://registry.npmjs.org/jose/-/jose-4.3.8.tgz",
      "integrity": "sha512-dFiqN5FPLNWa/v+J3ShFjV/9sRGickxMbGUbqBrYr+BkrqLOieACaavSi9XmLJXe0Uzd7Cgs1oYtDvDrOyWLgw==",
      "funding": {
        "url": "https://github.com/sponsors/panva"
      }
    },
    "node_modules/prettier": {
      "version": "1.19.1",
      "resolved": "https://registry.npmjs.org/prettier/-/prettier-1.19.1.tgz",
      "integrity": "sha512-s7PoyDv/II1ObgQunCbB9PdLmUcBZcnWOcxDh7O0N/UwDEsHyqkW+Qh28jW+mVuCdx7gLB0BotYI1Y6uI9iyew==",
      "dev": true,
      "bin": {
        "prettier": "bin-prettier.js"
      },
      "engines": {
        "node": ">=4"
      }
    }
  },
  "dependencies": {
    "jose": {
      "version": "4.3.8",
      "resolved": "https://registry.npmjs.org/jose/-/jose-4.3.8.tgz",
      "integrity": "sha512-dFiqN5FPLNWa/v+J3ShFjV/9sRGickxMbGUbqBrYr+BkrqLOieACaavSi9XmLJXe0Uzd7Cgs1oYtDvDrOyWLgw=="
    },
    "prettier": {
      "version": "1.19.1",
      "resolved": "https://registry.npmjs.org/prettier/-/prettier-1.19.1.tgz",
      "integrity": "sha512-s7PoyDv/II1ObgQunCbB9PdLmUcBZcnWOcxDh7O0N/UwDEsHyqkW+Qh28jW+mVuCdx7gLB0BotYI1Y6uI9iyew==",
      "dev": true
    }
  }
}
